
Microsoft Visual Studio Solution File, Format Version 12.00
# Visual Studio 15
VisualStudioVersion = 15.0.28307.168
MinimumVisualStudioVersion = 10.0.40219.1
Project("{FAE04EC0-301F-11D3-BF4B-00C04F79EFBC}") = "TPL", "TPL\TPL.csproj", "{711C2E82-DAA1-462A-8997-8F3A43B7A8A4}"
EndProject
Global
	GlobalSection(SolutionConfigurationPlatforms) = preSolution
		Debug|Any CPU = Debug|Any CPU
		Release|Any CPU = Release|Any CPU
	EndGlobalSection
	GlobalSection(ProjectConfigurationPlatforms) = postSolution
		{711C2E82-DAA1-462A-8997-8F3A43B7A8A4}.Debug|Any CPU.ActiveCfg = Debug|Any CPU
		{711C2E82-DAA1-462A-8997-8F3A43B7A8A4}.Debug|Any CPU.Build.0 = Debug|Any CPU
		{711C2E82-DAA1-462A-8997-8F3A43B7A8A4}.Release|Any CPU.ActiveCfg = Release|Any CPU
		{711C2E82-DAA1-462A-8997-8F3A43B7A8A4}.Release|Any CPU.Build.0 = Release|Any CPU
	EndGlobalSection
	GlobalSection(SolutionProperties) = preSolution
		HideSolutionNode = FALSE
	EndGlobalSection
	GlobalSection(ExtensibilityGlobals) = postSolution
		SolutionGuid = {B1BAC421-59D0-42DD-BF97-7DD885C72F38}
	EndGlobalSection
EndGlobal
